
Microsoft Visual Studio Solution File, Format Version 12.00
# Visual Studio Version 16
VisualStudioVersion = 16.0.30128.74
MinimumVisualStudioVersion = 10.0.40219.1
Project("{FAE04EC0-301F-11D3-BF4B-00C04F79EFBC}") = "ContactsAppUI", "ContactsAppUI\ContactsAppUI.csproj", "{EE4525C5-6EFF-496B-A2A3-083C704784FE}"
EndProject
Project("{FAE04EC0-301F-11D3-BF4B-00C04F79EFBC}") = "ContactsApp", "ContactsApp\ContactsApp.csproj", "{A7608FE5-4B11-4235-86FE-D7B372A9B815}"
EndProject
Project("{FAE04EC0-301F-11D3-BF4B-00C04F79EFBC}") = "ContactsApp.UnitTests", "ContactsApp.UnitTests\ContactsApp.UnitTests.csproj", "{FBB6EF39-D84C-4786-A71E-FC8B1477E826}"
EndProject
Project("{2150E333-8FDC-42A3-9474-1A3956D46DE8}") = "InstallSripts", "InstallSripts", "{461FAD63-F21B-4253-9D2E-28F89F8FFBF6}"
EndProject
Project("{2150E333-8FDC-42A3-9474-1A3956D46DE8}") = "Release", "Release", "{D403188F-A18B-4590-9C9C-D99C1B657531}"
EndProject
Global
	GlobalSection(SolutionConfigurationPlatforms) = preSolution
		Debug|Any CPU = Debug|Any CPU
		Release|Any CPU = Release|Any CPU
	EndGlobalSection
	GlobalSection(ProjectConfigurationPlatforms) = postSolution
		{EE4525C5-6EFF-496B-A2A3-083C704784FE}.Debug|Any CPU.ActiveCfg = Debug|Any CPU
		{EE4525C5-6EFF-496B-A2A3-083C704784FE}.Debug|Any CPU.Build.0 = Debug|Any CPU
		{EE4525C5-6EFF-496B-A2A3-083C704784FE}.Release|Any CPU.ActiveCfg = Release|Any CPU
		{EE4525C5-6EFF-496B-A2A3-083C704784FE}.Release|Any CPU.Build.0 = Release|Any CPU
		{A7608FE5-4B11-4235-86FE-D7B372A9B815}.Debug|Any CPU.ActiveCfg = Debug|Any CPU
		{A7608FE5-4B11-4235-86FE-D7B372A9B815}.Debug|Any CPU.Build.0 = Debug|Any CPU
		{A7608FE5-4B11-4235-86FE-D7B372A9B815}.Release|Any CPU.ActiveCfg = Release|Any CPU
		{A7608FE5-4B11-4235-86FE-D7B372A9B815}.Release|Any CPU.Build.0 = Release|Any CPU
		{FBB6EF39-D84C-4786-A71E-FC8B1477E826}.Debug|Any CPU.ActiveCfg = Debug|Any CPU
		{FBB6EF39-D84C-4786-A71E-FC8B1477E826}.Debug|Any CPU.Build.0 = Debug|Any CPU
		{FBB6EF39-D84C-4786-A71E-FC8B1477E826}.Release|Any CPU.ActiveCfg = Release|Any CPU
		{FBB6EF39-D84C-4786-A71E-FC8B1477E826}.Release|Any CPU.Build.0 = Release|Any CPU
	EndGlobalSection
	GlobalSection(SolutionProperties) = preSolution
		HideSolutionNode = FALSE
	EndGlobalSection
	GlobalSection(NestedProjects) = preSolution
		{D403188F-A18B-4590-9C9C-D99C1B657531} = {461FAD63-F21B-4253-9D2E-28F89F8FFBF6}
	EndGlobalSection
	GlobalSection(ExtensibilityGlobals) = postSolution
		SolutionGuid = {B3101D0D-8A2C-4496-A191-42CCF9CC41B6}
	EndGlobalSection
EndGlobal
